{
  "version": 4,
  "terraform_version": "1.2.9",
  "serial": 1000,
  "lineage": "b8298bb0-8c37-f7ce-43ea-a7258638d6fc",
  "outputs": {},
  "resources": [
    {
      "mode": "data",
      "type": "template_file",
      "name": "playbook",
      "provider": "provider[\"registry.terraform.io/hashicorp/template\"]",
      "instances": [
        {
          "schema_version": 0,
          "attributes": {
            "filename": null,
            "id": "7f96251d7cc196d63f04011e6798cfe0765bbe84b324f944d415f158e54600e1",
            "rendered": "---\n  - name: Instalando os pacotes abaixo\n    apt:\n      name:\n      - nginx\n      - unzip\n      - php8.1-zip\n      - php-imagick\n      - php8.1-curl\n      - php8.1-fpm\n      - php8.1-mbstring\n      - php8.1-cli\n      - php8.1-bcmath\n      - php8.1-xml\n      - php8.1-mysql\n      - php8.1-common\n      - php8.1-gd\n      update_cache: yes\n\n  - name: Setting up variables\n    set_fact:\n      #MySQL Settings to be rendered by terraform\n      db_name: wordpress  \n      db_user: bruno\n      db_pass: bruno1234\n      db_host: rds-database.c61qszlzuevn.sa-east-1.rds.amazonaws.com:3306\n\n  - name: Vhost nginx para wordpress\n    template:\n      src: example.com.conf.j2\n      dest: /etc/nginx/sites-enabled/default\n\n  - name: Download do projeto wordpress\n    ansible.builtin.unarchive:\n      src: https://wordpress.org/latest.zip\n      dest: /var/www/html/\n      remote_src: yes \n \n  - name: Permissao\n    ansible.builtin.file:\n      path: /var/www/html/wordpress\n      owner: www-data\n      group: www-data\n      mode: '0755'\n  \n  - name: Arquivo de configuracao wordpress\n    template:\n      src: wp-config.php.j2\n      dest: /var/www/html/wordpress/wp-config.php  \n\n  - name: Restart nginx\n    service:\n      name: nginx\n      state: restarted\n\n  - name: Restart php8.1-fpm\n    service:\n      name: php8.1-fpm\n      state: restarted                        ",
            "template": "---\n  - name: Instalando os pacotes abaixo\n    apt:\n      name:\n      - nginx\n      - unzip\n      - php8.1-zip\n      - php-imagick\n      - php8.1-curl\n      - php8.1-fpm\n      - php8.1-mbstring\n      - php8.1-cli\n      - php8.1-bcmath\n      - php8.1-xml\n      - php8.1-mysql\n      - php8.1-common\n      - php8.1-gd\n      update_cache: yes\n\n  - name: Setting up variables\n    set_fact:\n      #MySQL Settings to be rendered by terraform\n      db_name: ${db_name}  \n      db_user: ${db_user}\n      db_pass: ${db_pass}\n      db_host: ${db_host}\n\n  - name: Vhost nginx para wordpress\n    template:\n      src: example.com.conf.j2\n      dest: /etc/nginx/sites-enabled/default\n\n  - name: Download do projeto wordpress\n    ansible.builtin.unarchive:\n      src: https://wordpress.org/latest.zip\n      dest: /var/www/html/\n      remote_src: yes \n \n  - name: Permissao\n    ansible.builtin.file:\n      path: /var/www/html/wordpress\n      owner: www-data\n      group: www-data\n      mode: '0755'\n  \n  - name: Arquivo de configuracao wordpress\n    template:\n      src: wp-config.php.j2\n      dest: /var/www/html/wordpress/wp-config.php  \n\n  - name: Restart nginx\n    service:\n      name: nginx\n      state: restarted\n\n  - name: Restart php8.1-fpm\n    service:\n      name: php8.1-fpm\n      state: restarted                        ",
            "vars": {
              "db_host": "rds-database.c61qszlzuevn.sa-east-1.rds.amazonaws.com:3306",
              "db_name": "wordpress",
              "db_pass": "bruno1234",
              "db_user": "bruno"
            }
          },
          "sensitive_attributes": []
        }
      ]
    },
    {
      "mode": "managed",
      "type": "aws_default_route_table",
      "name": "public",
      "provider": "provider[\"registry.terraform.io/hashicorp/aws\"]",
      "instances": [
        {
          "schema_version": 0,
          "attributes": {
            "arn": "arn:aws:ec2:sa-east-1:793939823874:route-table/rtb-0c12570570dc82a09",
            "default_route_table_id": "rtb-0c12570570dc82a09",
            "id": "rtb-0c12570570dc82a09",
            "owner_id": "793939823874",
            "propagating_vgws": [],
            "route": [
              {
                "cidr_block": "0.0.0.0/0",
                "core_network_arn": "",
                "destination_prefix_list_id": "",
                "egress_only_gateway_id": "",
                "gateway_id": "igw-06771c175775a6c06",
                "instance_id": "",
                "ipv6_cidr_block": "",
                "nat_gateway_id": "",
                "network_interface_id": "",
                "transit_gateway_id": "",
                "vpc_endpoint_id": "",
                "vpc_peering_connection_id": ""
              }
            ],
            "tags": {
              "Name": "Public"
            },
            "tags_all": {
              "Name": "Public"
            },
            "timeouts": null,
            "vpc_id": "vpc-07cf4c0e4fc9ec2d3"
          },
          "sensitive_attributes": [],
          "private": "eyJlMmJmYjczMC1lY2FhLTExZTYtOGY4OC0zNDM2M2JjN2M0YzAiOnsiY3JlYXRlIjoxMjAwMDAwMDAwMDAsInVwZGF0ZSI6MTIwMDAwMDAwMDAwfX0=",
          "dependencies": [
            "aws_internet_gateway.this",
            "module.bruno_campos_vpc.aws_vpc.this"
          ]
        }
      ]
    },
    {
      "mode": "managed",
      "type": "aws_eip",
      "name": "nat",
      "provider": "provider[\"registry.terraform.io/hashicorp/aws\"]",
      "instances": [
        {
          "schema_version": 0,
          "attributes": {
            "address": null,
            "allocation_id": "eipalloc-03bbce26042c68f4c",
            "associate_with_private_ip": null,
            "association_id": "eipassoc-06876fb24110b316d",
            "carrier_ip": "",
            "customer_owned_ip": "",
            "customer_owned_ipv4_pool": "",
            "domain": "vpc",
            "id": "eipalloc-03bbce26042c68f4c",
            "instance": "",
            "network_border_group": "sa-east-1",
            "network_interface": "eni-097eec6cc684823d7",
            "private_dns": "ip-10-30-0-72.sa-east-1.compute.internal",
            "private_ip": "10.30.0.72",
            "public_dns": "ec2-54-207-196-96.sa-east-1.compute.amazonaws.com",
            "public_ip": "54.207.196.96",
            "public_ipv4_pool": "amazon",
            "tags": {
              "Name": "Elastic"
            },
            "tags_all": {
              "Name": "Elastic"
            },
            "timeouts": null,
            "vpc": true
          },
          "sensitive_attributes": [],
          "private": "eyJlMmJmYjczMC1lY2FhLTExZTYtOGY4OC0zNDM2M2JjN2M0YzAiOnsiZGVsZXRlIjoxODAwMDAwMDAwMDAsInJlYWQiOjkwMDAwMDAwMDAwMCwidXBkYXRlIjozMDAwMDAwMDAwMDB9fQ==",
          "dependencies": [
            "aws_internet_gateway.this",
            "module.bruno_campos_vpc.aws_vpc.this"
          ]
        }
      ]
    },
    {
      "mode": "managed",
      "type": "aws_instance",
      "name": "web_server",
      "provider": "provider[\"registry.terraform.io/hashicorp/aws\"]",
      "instances": [
        {
          "status": "tainted",
          "schema_version": 1,
          "attributes": {
            "ami": "ami-08ae71fd7f1449df1",
            "arn": "arn:aws:ec2:sa-east-1:793939823874:instance/i-0b9af6d674a8a8c2e",
            "associate_public_ip_address": true,
            "availability_zone": "sa-east-1a",
            "capacity_reservation_specification": [
              {
                "capacity_reservation_preference": "open",
                "capacity_reservation_target": []
              }
            ],
            "cpu_core_count": 1,
            "cpu_threads_per_core": 1,
            "credit_specification": [
              {
                "cpu_credits": "standard"
              }
            ],
            "disable_api_stop": false,
            "disable_api_termination": false,
            "ebs_block_device": [],
            "ebs_optimized": false,
            "enclave_options": [
              {
                "enabled": false
              }
            ],
            "ephemeral_block_device": [],
            "get_password_data": false,
            "hibernation": false,
            "host_id": null,
            "host_resource_group_arn": null,
            "iam_instance_profile": "",
            "id": "i-0b9af6d674a8a8c2e",
            "instance_initiated_shutdown_behavior": "stop",
            "instance_state": "running",
            "instance_type": "t2.micro",
            "ipv6_address_count": 0,
            "ipv6_addresses": [],
            "key_name": "wordpress-boilerplate",
            "launch_template": [],
            "maintenance_options": [
              {
                "auto_recovery": "default"
              }
            ],
            "metadata_options": [
              {
                "http_endpoint": "enabled",
                "http_put_response_hop_limit": 1,
                "http_tokens": "optional",
                "instance_metadata_tags": "disabled"
              }
            ],
            "monitoring": true,
            "network_interface": [],
            "outpost_arn": "",
            "password_data": "",
            "placement_group": "",
            "placement_partition_number": null,
            "primary_network_interface_id": "eni-0081cd47de7d58b05",
            "private_dns": "ip-10-30-0-235.sa-east-1.compute.internal",
            "private_dns_name_options": [
              {
                "enable_resource_name_dns_a_record": false,
                "enable_resource_name_dns_aaaa_record": false,
                "hostname_type": "ip-name"
              }
            ],
            "private_ip": "10.30.0.235",
            "public_dns": "",
            "public_ip": "18.230.56.81",
            "root_block_device": [
              {
                "delete_on_termination": true,
                "device_name": "/dev/sda1",
                "encrypted": false,
                "iops": 100,
                "kms_key_id": "",
                "tags": {},
                "throughput": 0,
                "volume_id": "vol-09875702b9c70734f",
                "volume_size": 8,
                "volume_type": "gp2"
              }
            ],
            "secondary_private_ips": [],
            "security_groups": [],
            "source_dest_check": true,
            "subnet_id": "subnet-0a424202e6fc90525",
            "tags": {
              "Name": "web-server"
            },
            "tags_all": {
              "Name": "web-server"
            },
            "tenancy": "default",
            "timeouts": null,
            "user_data": null,
            "user_data_base64": null,
            "user_data_replace_on_change": false,
            "volume_tags": null,
            "vpc_security_group_ids": [
              "sg-0a3c767f5d419cf7a"
            ]
          },
          "sensitive_attributes": [],
          "private": "eyJlMmJmYjczMC1lY2FhLTExZTYtOGY4OC0zNDM2M2JjN2M0YzAiOnsiY3JlYXRlIjo2MDAwMDAwMDAwMDAsImRlbGV0ZSI6MTIwMDAwMDAwMDAwMCwidXBkYXRlIjo2MDAwMDAwMDAwMDB9LCJzY2hlbWFfdmVyc2lvbiI6IjEifQ==",
          "dependencies": [
            "aws_security_group.web_server",
            "aws_subnet.public_az_a"
          ]
        }
      ]
    },
    {
      "mode": "managed",
      "type": "aws_internet_gateway",
      "name": "this",
      "provider": "provider[\"registry.terraform.io/hashicorp/aws\"]",
      "instances": [
        {
          "schema_version": 0,
          "attributes": {
            "arn": "arn:aws:ec2:sa-east-1:793939823874:internet-gateway/igw-06771c175775a6c06",
            "id": "igw-06771c175775a6c06",
            "owner_id": "793939823874",
            "tags": {
              "Name": "Internet-Gateway"
            },
            "tags_all": {
              "Name": "Internet-Gateway"
            },
            "timeouts": null,
            "vpc_id": "vpc-07cf4c0e4fc9ec2d3"
          },
          "sensitive_attributes": [],
          "private": "eyJlMmJmYjczMC1lY2FhLTExZTYtOGY4OC0zNDM2M2JjN2M0YzAiOnsiY3JlYXRlIjoxMjAwMDAwMDAwMDAwLCJkZWxldGUiOjEyMDAwMDAwMDAwMDAsInVwZGF0ZSI6MTIwMDAwMDAwMDAwMH19",
          "dependencies": [
            "module.bruno_campos_vpc.aws_vpc.this"
          ]
        }
      ]
    },
    {
      "mode": "managed",
      "type": "aws_key_pair",
      "name": "wordpress-boilerplate",
      "provider": "provider[\"registry.terraform.io/hashicorp/aws\"]",
      "instances": [
        {
          "schema_version": 1,
          "attributes": {
            "arn": "arn:aws:ec2:sa-east-1:793939823874:key-pair/wordpress-boilerplate",
            "fingerprint": "69:33:45:d7:94:98:fc:1b:bb:d8:f0:63:c8:93:63:3b",
            "id": "wordpress-boilerplate",
            "key_name": "wordpress-boilerplate",
            "key_name_prefix": "",
            "key_pair_id": "key-0f5ad8687186d19dc",
            "key_type": "rsa",
            "public_key": "ssh-rsa AAAAB3NzaC1yc2EAAAADAQABAAABAQCiGqoaKwia5e8cqKL/Hl7OP5t+8nrrS5AU5Cw3ROjwPhvnn1OpYo1TiT9kj/R4P/C1d0vwV5/4/rXx3IxXpS4PcxDu8+kwke+O1KeTxiSYi/M4k7BLoZNlOF4n0iy4Jg6EElTHIg34Sst9pxQjlrjEqj6hqTV/mcTuy0XmEQC36hCRRCp14H9YpMTCuk3upRURoe568OkmJVfyFvGoNr3YiaPyVDdFR03RDeiI/+OGZfdvCcsIRMH3p0MiGQDaaBHS8esTaNYeq+zfK99herLzO2rwwogdVLMqKhheaEbKRUnU5EFcydkxYu+TKkkif58Y/IF/883YoY2Auw9ZxaB/",
            "tags": {},
            "tags_all": {}
          },
          "sensitive_attributes": [],
          "private": "eyJzY2hlbWFfdmVyc2lvbiI6IjEifQ=="
        }
      ]
    },
    {
      "mode": "managed",
      "type": "aws_nat_gateway",
      "name": "this",
      "provider": "provider[\"registry.terraform.io/hashicorp/aws\"]",
      "instances": [
        {
          "schema_version": 0,
          "attributes": {
            "allocation_id": "eipalloc-03bbce26042c68f4c",
            "connectivity_type": "public",
            "id": "nat-08f04b4ed6515cedc",
            "network_interface_id": "eni-097eec6cc684823d7",
            "private_ip": "10.30.0.72",
            "public_ip": "54.207.196.96",
            "subnet_id": "subnet-0a424202e6fc90525",
            "tags": {
              "Name": "Gateway-NAT"
            },
            "tags_all": {
              "Name": "Gateway-NAT"
            }
          },
          "sensitive_attributes": [],
          "private": "bnVsbA==",
          "dependencies": [
            "aws_eip.nat",
            "aws_internet_gateway.this",
            "aws_subnet.public_az_a",
            "module.bruno_campos_vpc.aws_vpc.this"
          ]
        }
      ]
    },
    {
      "mode": "managed",
      "type": "aws_route_table",
      "name": "private",
      "provider": "provider[\"registry.terraform.io/hashicorp/aws\"]",
      "instances": [
        {
          "schema_version": 0,
          "attributes": {
            "arn": "arn:aws:ec2:sa-east-1:793939823874:route-table/rtb-0d1b23136d58c9ad2",
            "id": "rtb-0d1b23136d58c9ad2",
            "owner_id": "793939823874",
            "propagating_vgws": [],
            "route": [
              {
                "carrier_gateway_id": "",
                "cidr_block": "0.0.0.0/0",
                "core_network_arn": "",
                "destination_prefix_list_id": "",
                "egress_only_gateway_id": "",
                "gateway_id": "",
                "instance_id": "",
                "ipv6_cidr_block": "",
                "local_gateway_id": "",
                "nat_gateway_id": "nat-08f04b4ed6515cedc",
                "network_interface_id": "",
                "transit_gateway_id": "",
                "vpc_endpoint_id": "",
                "vpc_peering_connection_id": ""
              }
            ],
            "tags": {
              "Name": "Private"
            },
            "tags_all": {
              "Name": "Private"
            },
            "timeouts": null,
            "vpc_id": "vpc-07cf4c0e4fc9ec2d3"
          },
          "sensitive_attributes": [],
          "private": "eyJlMmJmYjczMC1lY2FhLTExZTYtOGY4OC0zNDM2M2JjN2M0YzAiOnsiY3JlYXRlIjozMDAwMDAwMDAwMDAsImRlbGV0ZSI6MzAwMDAwMDAwMDAwLCJ1cGRhdGUiOjEyMDAwMDAwMDAwMH19",
          "dependencies": [
            "aws_eip.nat",
            "aws_internet_gateway.this",
            "aws_nat_gateway.this",
            "aws_subnet.public_az_a",
            "module.bruno_campos_vpc.aws_vpc.this"
          ]
        }
      ]
    },
    {
      "mode": "managed",
      "type": "aws_route_table_association",
      "name": "private_az_a",
      "provider": "provider[\"registry.terraform.io/hashicorp/aws\"]",
      "instances": [
        {
          "schema_version": 0,
          "attributes": {
            "gateway_id": "",
            "id": "rtbassoc-0e1891add60819e6a",
            "route_table_id": "rtb-0d1b23136d58c9ad2",
            "subnet_id": "subnet-03317744158286a4b"
          },
          "sensitive_attributes": [],
          "private": "bnVsbA==",
          "dependencies": [
            "aws_eip.nat",
            "aws_internet_gateway.this",
            "aws_nat_gateway.this",
            "aws_route_table.private",
            "aws_subnet.private_az_a",
            "aws_subnet.public_az_a",
            "module.bruno_campos_vpc.aws_vpc.this"
          ]
        }
      ]
    },
    {
      "mode": "managed",
      "type": "aws_route_table_association",
      "name": "private_az_b",
      "provider": "provider[\"registry.terraform.io/hashicorp/aws\"]",
      "instances": [
        {
          "schema_version": 0,
          "attributes": {
            "gateway_id": "",
            "id": "rtbassoc-0e28064b2f291178b",
            "route_table_id": "rtb-0d1b23136d58c9ad2",
            "subnet_id": "subnet-0d4eff2ae3a7c6a45"
          },
          "sensitive_attributes": [],
          "private": "bnVsbA==",
          "dependencies": [
            "aws_eip.nat",
            "aws_internet_gateway.this",
            "aws_nat_gateway.this",
            "aws_route_table.private",
            "aws_subnet.private_az_b",
            "aws_subnet.public_az_a",
            "module.bruno_campos_vpc.aws_vpc.this"
          ]
        }
      ]
    },
    {
      "mode": "managed",
      "type": "aws_route_table_association",
      "name": "public_az_a",
      "provider": "provider[\"registry.terraform.io/hashicorp/aws\"]",
      "instances": [
        {
          "schema_version": 0,
          "attributes": {
            "gateway_id": "",
            "id": "rtbassoc-0d3a6e447958fb3e8",
            "route_table_id": "rtb-0c12570570dc82a09",
            "subnet_id": "subnet-0a424202e6fc90525"
          },
          "sensitive_attributes": [],
          "private": "bnVsbA==",
          "dependencies": [
            "aws_default_route_table.public",
            "aws_internet_gateway.this",
            "aws_subnet.public_az_a",
            "module.bruno_campos_vpc.aws_vpc.this"
          ]
        }
      ]
    },
    {
      "mode": "managed",
      "type": "aws_route_table_association",
      "name": "public_az_b",
      "provider": "provider[\"registry.terraform.io/hashicorp/aws\"]",
      "instances": [
        {
          "schema_version": 0,
          "attributes": {
            "gateway_id": "",
            "id": "rtbassoc-008d3e294d0ecee98",
            "route_table_id": "rtb-0c12570570dc82a09",
            "subnet_id": "subnet-08940678c758c242e"
          },
          "sensitive_attributes": [],
          "private": "bnVsbA==",
          "dependencies": [
            "aws_default_route_table.public",
            "aws_internet_gateway.this",
            "aws_subnet.public_az_b",
            "module.bruno_campos_vpc.aws_vpc.this"
          ]
        }
      ]
    },
    {
      "mode": "managed",
      "type": "aws_security_group",
      "name": "database",
      "provider": "provider[\"registry.terraform.io/hashicorp/aws\"]",
      "instances": [
        {
          "schema_version": 1,
          "attributes": {
            "arn": "arn:aws:ec2:sa-east-1:793939823874:security-group/sg-0810ff31a292ec28b",
            "description": "Msysql",
            "egress": [
              {
                "cidr_blocks": [
                  "0.0.0.0/0"
                ],
                "description": "",
                "from_port": 0,
                "ipv6_cidr_blocks": [
                  "::/0"
                ],
                "prefix_list_ids": [],
                "protocol": "-1",
                "security_groups": [],
                "self": false,
                "to_port": 0
              }
            ],
            "id": "sg-0810ff31a292ec28b",
            "ingress": [
              {
                "cidr_blocks": [],
                "description": "MYSQL/Aurora",
                "from_port": 3306,
                "ipv6_cidr_blocks": [],
                "prefix_list_ids": [],
                "protocol": "tcp",
                "security_groups": [
                  "sg-0a3c767f5d419cf7a"
                ],
                "self": false,
                "to_port": 3306
              }
            ],
            "name": "Msysql",
            "name_prefix": "",
            "owner_id": "793939823874",
            "revoke_rules_on_delete": false,
            "tags": {
              "Name": "RDS Security Group"
            },
            "tags_all": {
              "Name": "RDS Security Group"
            },
            "timeouts": null,
            "vpc_id": "vpc-07cf4c0e4fc9ec2d3"
          },
          "sensitive_attributes": [],
          "private": "eyJlMmJmYjczMC1lY2FhLTExZTYtOGY4OC0zNDM2M2JjN2M0YzAiOnsiY3JlYXRlIjo2MDAwMDAwMDAwMDAsImRlbGV0ZSI6OTAwMDAwMDAwMDAwfSwic2NoZW1hX3ZlcnNpb24iOiIxIn0=",
          "dependencies": [
            "aws_security_group.web_server",
            "module.bruno_campos_vpc.aws_vpc.this"
          ]
        }
      ]
    },
    {
      "mode": "managed",
      "type": "aws_security_group",
      "name": "web_server",
      "provider": "provider[\"registry.terraform.io/hashicorp/aws\"]",
      "instances": [
        {
          "schema_version": 1,
          "attributes": {
            "arn": "arn:aws:ec2:sa-east-1:793939823874:security-group/sg-0a3c767f5d419cf7a",
            "description": "Inbound traffic",
            "egress": [
              {
                "cidr_blocks": [
                  "0.0.0.0/0"
                ],
                "description": "",
                "from_port": 0,
                "ipv6_cidr_blocks": [
                  "::/0"
                ],
                "prefix_list_ids": [],
                "protocol": "-1",
                "security_groups": [],
                "self": false,
                "to_port": 0
              }
            ],
            "id": "sg-0a3c767f5d419cf7a",
            "ingress": [
              {
                "cidr_blocks": [
                  "0.0.0.0/0"
                ],
                "description": "HTTP",
                "from_port": 80,
                "ipv6_cidr_blocks": [],
                "prefix_list_ids": [],
                "protocol": "tcp",
                "security_groups": [],
                "self": false,
                "to_port": 80
              },
              {
                "cidr_blocks": [
                  "177.18.133.112/32"
                ],
                "description": "SSH",
                "from_port": 22,
                "ipv6_cidr_blocks": [],
                "prefix_list_ids": [],
                "protocol": "tcp",
                "security_groups": [],
                "self": false,
                "to_port": 22
              }
            ],
            "name": "Inbound traffic",
            "name_prefix": "",
            "owner_id": "793939823874",
            "revoke_rules_on_delete": false,
            "tags": {
              "Name": "Ec2 Instace Security Group"
            },
            "tags_all": {
              "Name": "Ec2 Instace Security Group"
            },
            "timeouts": null,
            "vpc_id": "vpc-07cf4c0e4fc9ec2d3"
          },
          "sensitive_attributes": [],
          "private": "eyJlMmJmYjczMC1lY2FhLTExZTYtOGY4OC0zNDM2M2JjN2M0YzAiOnsiY3JlYXRlIjo2MDAwMDAwMDAwMDAsImRlbGV0ZSI6OTAwMDAwMDAwMDAwfSwic2NoZW1hX3ZlcnNpb24iOiIxIn0=",
          "dependencies": [
            "module.bruno_campos_vpc.aws_vpc.this"
          ]
        }
      ]
    },
    {
      "mode": "managed",
      "type": "aws_subnet",
      "name": "db_az_a",
      "provider": "provider[\"registry.terraform.io/hashicorp/aws\"]",
      "instances": [
        {
          "schema_version": 1,
          "attributes": {
            "arn": "arn:aws:ec2:sa-east-1:793939823874:subnet/subnet-0a6b925c8340552d5",
            "assign_ipv6_address_on_creation": false,
            "availability_zone": "sa-east-1a",
            "availability_zone_id": "sae1-az1",
            "cidr_block": "10.30.4.0/24",
            "customer_owned_ipv4_pool": "",
            "enable_dns64": false,
            "enable_resource_name_dns_a_record_on_launch": false,
            "enable_resource_name_dns_aaaa_record_on_launch": false,
            "id": "subnet-0a6b925c8340552d5",
            "ipv6_cidr_block": "",
            "ipv6_cidr_block_association_id": "",
            "ipv6_native": false,
            "map_customer_owned_ip_on_launch": false,
            "map_public_ip_on_launch": false,
            "outpost_arn": "",
            "owner_id": "793939823874",
            "private_dns_hostname_type_on_launch": "ip-name",
            "tags": {
              "Name": "Db-AZ-A"
            },
            "tags_all": {
              "Name": "Db-AZ-A"
            },
            "timeouts": null,
            "vpc_id": "vpc-07cf4c0e4fc9ec2d3"
          },
          "sensitive_attributes": [],
          "private": "eyJlMmJmYjczMC1lY2FhLTExZTYtOGY4OC0zNDM2M2JjN2M0YzAiOnsiY3JlYXRlIjo2MDAwMDAwMDAwMDAsImRlbGV0ZSI6MTIwMDAwMDAwMDAwMH0sInNjaGVtYV92ZXJzaW9uIjoiMSJ9",
          "dependencies": [
            "module.bruno_campos_vpc.aws_vpc.this"
          ]
        }
      ]
    },
    {
      "mode": "managed",
      "type": "aws_subnet",
      "name": "db_az_b",
      "provider": "provider[\"registry.terraform.io/hashicorp/aws\"]",
      "instances": [
        {
          "schema_version": 1,
          "attributes": {
            "arn": "arn:aws:ec2:sa-east-1:793939823874:subnet/subnet-0ff5cc3f4eec7e690",
            "assign_ipv6_address_on_creation": false,
            "availability_zone": "sa-east-1b",
            "availability_zone_id": "sae1-az2",
            "cidr_block": "10.30.5.0/24",
            "customer_owned_ipv4_pool": "",
            "enable_dns64": false,
            "enable_resource_name_dns_a_record_on_launch": false,
            "enable_resource_name_dns_aaaa_record_on_launch": false,
            "id": "subnet-0ff5cc3f4eec7e690",
            "ipv6_cidr_block": "",
            "ipv6_cidr_block_association_id": "",
            "ipv6_native": false,
            "map_customer_owned_ip_on_launch": false,
            "map_public_ip_on_launch": false,
            "outpost_arn": "",
            "owner_id": "793939823874",
            "private_dns_hostname_type_on_launch": "ip-name",
            "tags": {
              "Name": "Db-AZ-B"
            },
            "tags_all": {
              "Name": "Db-AZ-B"
            },
            "timeouts": null,
            "vpc_id": "vpc-07cf4c0e4fc9ec2d3"
          },
          "sensitive_attributes": [],
          "private": "eyJlMmJmYjczMC1lY2FhLTExZTYtOGY4OC0zNDM2M2JjN2M0YzAiOnsiY3JlYXRlIjo2MDAwMDAwMDAwMDAsImRlbGV0ZSI6MTIwMDAwMDAwMDAwMH0sInNjaGVtYV92ZXJzaW9uIjoiMSJ9",
          "dependencies": [
            "module.bruno_campos_vpc.aws_vpc.this"
          ]
        }
      ]
    },
    {
      "mode": "managed",
      "type": "aws_subnet",
      "name": "private_az_a",
      "provider": "provider[\"registry.terraform.io/hashicorp/aws\"]",
      "instances": [
        {
          "schema_version": 1,
          "attributes": {
            "arn": "arn:aws:ec2:sa-east-1:793939823874:subnet/subnet-03317744158286a4b",
            "assign_ipv6_address_on_creation": false,
            "availability_zone": "sa-east-1a",
            "availability_zone_id": "sae1-az1",
            "cidr_block": "10.30.2.0/24",
            "customer_owned_ipv4_pool": "",
            "enable_dns64": false,
            "enable_resource_name_dns_a_record_on_launch": false,
            "enable_resource_name_dns_aaaa_record_on_launch": false,
            "id": "subnet-03317744158286a4b",
            "ipv6_cidr_block": "",
            "ipv6_cidr_block_association_id": "",
            "ipv6_native": false,
            "map_customer_owned_ip_on_launch": false,
            "map_public_ip_on_launch": false,
            "outpost_arn": "",
            "owner_id": "793939823874",
            "private_dns_hostname_type_on_launch": "ip-name",
            "tags": {
              "Name": "Priv-AZ-A"
            },
            "tags_all": {
              "Name": "Priv-AZ-A"
            },
            "timeouts": null,
            "vpc_id": "vpc-07cf4c0e4fc9ec2d3"
          },
          "sensitive_attributes": [],
          "private": "eyJlMmJmYjczMC1lY2FhLTExZTYtOGY4OC0zNDM2M2JjN2M0YzAiOnsiY3JlYXRlIjo2MDAwMDAwMDAwMDAsImRlbGV0ZSI6MTIwMDAwMDAwMDAwMH0sInNjaGVtYV92ZXJzaW9uIjoiMSJ9",
          "dependencies": [
            "module.bruno_campos_vpc.aws_vpc.this"
          ]
        }
      ]
    },
    {
      "mode": "managed",
      "type": "aws_subnet",
      "name": "private_az_b",
      "provider": "provider[\"registry.terraform.io/hashicorp/aws\"]",
      "instances": [
        {
          "schema_version": 1,
          "attributes": {
            "arn": "arn:aws:ec2:sa-east-1:793939823874:subnet/subnet-0d4eff2ae3a7c6a45",
            "assign_ipv6_address_on_creation": false,
            "availability_zone": "sa-east-1b",
            "availability_zone_id": "sae1-az2",
            "cidr_block": "10.30.3.0/24",
            "customer_owned_ipv4_pool": "",
            "enable_dns64": false,
            "enable_resource_name_dns_a_record_on_launch": false,
            "enable_resource_name_dns_aaaa_record_on_launch": false,
            "id": "subnet-0d4eff2ae3a7c6a45",
            "ipv6_cidr_block": "",
            "ipv6_cidr_block_association_id": "",
            "ipv6_native": false,
            "map_customer_owned_ip_on_launch": false,
            "map_public_ip_on_launch": false,
            "outpost_arn": "",
            "owner_id": "793939823874",
            "private_dns_hostname_type_on_launch": "ip-name",
            "tags": {
              "Name": "Priv-AZ-B"
            },
            "tags_all": {
              "Name": "Priv-AZ-B"
            },
            "timeouts": null,
            "vpc_id": "vpc-07cf4c0e4fc9ec2d3"
          },
          "sensitive_attributes": [],
          "private": "eyJlMmJmYjczMC1lY2FhLTExZTYtOGY4OC0zNDM2M2JjN2M0YzAiOnsiY3JlYXRlIjo2MDAwMDAwMDAwMDAsImRlbGV0ZSI6MTIwMDAwMDAwMDAwMH0sInNjaGVtYV92ZXJzaW9uIjoiMSJ9",
          "dependencies": [
            "module.bruno_campos_vpc.aws_vpc.this"
          ]
        }
      ]
    },
    {
      "mode": "managed",
      "type": "aws_subnet",
      "name": "public_az_a",
      "provider": "provider[\"registry.terraform.io/hashicorp/aws\"]",
      "instances": [
        {
          "schema_version": 1,
          "attributes": {
            "arn": "arn:aws:ec2:sa-east-1:793939823874:subnet/subnet-0a424202e6fc90525",
            "assign_ipv6_address_on_creation": false,
            "availability_zone": "sa-east-1a",
            "availability_zone_id": "sae1-az1",
            "cidr_block": "10.30.0.0/24",
            "customer_owned_ipv4_pool": "",
            "enable_dns64": false,
            "enable_resource_name_dns_a_record_on_launch": false,
            "enable_resource_name_dns_aaaa_record_on_launch": false,
            "id": "subnet-0a424202e6fc90525",
            "ipv6_cidr_block": "",
            "ipv6_cidr_block_association_id": "",
            "ipv6_native": false,
            "map_customer_owned_ip_on_launch": false,
            "map_public_ip_on_launch": true,
            "outpost_arn": "",
            "owner_id": "793939823874",
            "private_dns_hostname_type_on_launch": "ip-name",
            "tags": {
              "Name": "Pub-AZ-A"
            },
            "tags_all": {
              "Name": "Pub-AZ-A"
            },
            "timeouts": null,
            "vpc_id": "vpc-07cf4c0e4fc9ec2d3"
          },
          "sensitive_attributes": [],
          "private": "eyJlMmJmYjczMC1lY2FhLTExZTYtOGY4OC0zNDM2M2JjN2M0YzAiOnsiY3JlYXRlIjo2MDAwMDAwMDAwMDAsImRlbGV0ZSI6MTIwMDAwMDAwMDAwMH0sInNjaGVtYV92ZXJzaW9uIjoiMSJ9",
          "dependencies": [
            "module.bruno_campos_vpc.aws_vpc.this"
          ]
        }
      ]
    },
    {
      "mode": "managed",
      "type": "aws_subnet",
      "name": "public_az_b",
      "provider": "provider[\"registry.terraform.io/hashicorp/aws\"]",
      "instances": [
        {
          "schema_version": 1,
          "attributes": {
            "arn": "arn:aws:ec2:sa-east-1:793939823874:subnet/subnet-08940678c758c242e",
            "assign_ipv6_address_on_creation": false,
            "availability_zone": "sa-east-1b",
            "availability_zone_id": "sae1-az2",
            "cidr_block": "10.30.1.0/24",
            "customer_owned_ipv4_pool": "",
            "enable_dns64": false,
            "enable_resource_name_dns_a_record_on_launch": false,
            "enable_resource_name_dns_aaaa_record_on_launch": false,
            "id": "subnet-08940678c758c242e",
            "ipv6_cidr_block": "",
            "ipv6_cidr_block_association_id": "",
            "ipv6_native": false,
            "map_customer_owned_ip_on_launch": false,
            "map_public_ip_on_launch": true,
            "outpost_arn": "",
            "owner_id": "793939823874",
            "private_dns_hostname_type_on_launch": "ip-name",
            "tags": {
              "Name": "Pub-AZ-B"
            },
            "tags_all": {
              "Name": "Pub-AZ-B"
            },
            "timeouts": null,
            "vpc_id": "vpc-07cf4c0e4fc9ec2d3"
          },
          "sensitive_attributes": [],
          "private": "eyJlMmJmYjczMC1lY2FhLTExZTYtOGY4OC0zNDM2M2JjN2M0YzAiOnsiY3JlYXRlIjo2MDAwMDAwMDAwMDAsImRlbGV0ZSI6MTIwMDAwMDAwMDAwMH0sInNjaGVtYV92ZXJzaW9uIjoiMSJ9",
          "dependencies": [
            "module.bruno_campos_vpc.aws_vpc.this"
          ]
        }
      ]
    },
    {
      "module": "module.bruno_campos_vpc",
      "mode": "managed",
      "type": "aws_vpc",
      "name": "this",
      "provider": "provider[\"registry.terraform.io/hashicorp/aws\"]",
      "instances": [
        {
          "index_key": 0,
          "schema_version": 1,
          "attributes": {
            "arn": "arn:aws:ec2:sa-east-1:793939823874:vpc/vpc-07cf4c0e4fc9ec2d3",
            "assign_generated_ipv6_cidr_block": false,
            "cidr_block": "10.30.0.0/16",
            "default_network_acl_id": "acl-078a1be8ef27196c0",
            "default_route_table_id": "rtb-0c12570570dc82a09",
            "default_security_group_id": "sg-0fac791dffc319a1b",
            "dhcp_options_id": "dopt-0817801b946973a27",
            "enable_classiclink": false,
            "enable_classiclink_dns_support": false,
            "enable_dns_hostnames": false,
            "enable_dns_support": true,
            "id": "vpc-07cf4c0e4fc9ec2d3",
            "instance_tenancy": "default",
            "ipv4_ipam_pool_id": null,
            "ipv4_netmask_length": null,
            "ipv6_association_id": "",
            "ipv6_cidr_block": "",
            "ipv6_cidr_block_network_border_group": "",
            "ipv6_ipam_pool_id": "",
            "ipv6_netmask_length": 0,
            "main_route_table_id": "rtb-0c12570570dc82a09",
            "owner_id": "793939823874",
            "tags": {
              "Environment": "dev",
              "Name": "Bruno-VPC",
              "Terraform": "true"
            },
            "tags_all": {
              "Environment": "dev",
              "Name": "Bruno-VPC",
              "Terraform": "true"
            }
          },
          "sensitive_attributes": [],
          "private": "eyJzY2hlbWFfdmVyc2lvbiI6IjEifQ=="
        }
      ]
    },
    {
      "module": "module.rds_database",
      "mode": "managed",
      "type": "random_password",
      "name": "master_password",
      "provider": "provider[\"registry.terraform.io/hashicorp/random\"]",
      "instances": [
        {
          "index_key": 0,
          "schema_version": 3,
          "attributes": {
            "bcrypt_hash": "$2a$10$Jp.9LO/k/0cG1J2UcioEheZ5OX0AFd0c1s243.Oak1iKktdj2Rk8e",
            "id": "none",
            "keepers": null,
            "length": 16,
            "lower": true,
            "min_lower": 0,
            "min_numeric": 0,
            "min_special": 0,
            "min_upper": 0,
            "number": true,
            "numeric": true,
            "override_special": null,
            "result": "wEUdAen4wIKckJVE",
            "special": false,
            "upper": true
          },
          "sensitive_attributes": []
        }
      ]
    },
    {
      "module": "module.rds_database.module.db_instance",
      "mode": "data",
      "type": "aws_iam_policy_document",
      "name": "enhanced_monitoring",
      "provider": "provider[\"registry.terraform.io/hashicorp/aws\"]",
      "instances": [
        {
          "schema_version": 0,
          "attributes": {
            "id": "1813475199",
            "json": "{\n  \"Version\": \"2012-10-17\",\n  \"Statement\": [\n    {\n      \"Sid\": \"\",\n      \"Effect\": \"Allow\",\n      \"Action\": \"sts:AssumeRole\",\n      \"Principal\": {\n        \"Service\": \"monitoring.rds.amazonaws.com\"\n      }\n    }\n  ]\n}",
            "override_json": null,
            "override_policy_documents": null,
            "policy_id": null,
            "source_json": null,
            "source_policy_documents": null,
            "statement": [
              {
                "actions": [
                  "sts:AssumeRole"
                ],
                "condition": [],
                "effect": "Allow",
                "not_actions": [],
                "not_principals": [],
                "not_resources": [],
                "principals": [
                  {
                    "identifiers": [
                      "monitoring.rds.amazonaws.com"
                    ],
                    "type": "Service"
                  }
                ],
                "resources": [],
                "sid": ""
              }
            ],
            "version": "2012-10-17"
          },
          "sensitive_attributes": []
        }
      ]
    },
    {
      "module": "module.rds_database.module.db_instance",
      "mode": "data",
      "type": "aws_partition",
      "name": "current",
      "provider": "provider[\"registry.terraform.io/hashicorp/aws\"]",
      "instances": [
        {
          "schema_version": 0,
          "attributes": {
            "dns_suffix": "amazonaws.com",
            "id": "aws",
            "partition": "aws",
            "reverse_dns_prefix": "com.amazonaws"
          },
          "sensitive_attributes": []
        }
      ]
    },
    {
      "module": "module.rds_database.module.db_instance",
      "mode": "managed",
      "type": "aws_db_instance",
      "name": "this",
      "provider": "provider[\"registry.terraform.io/hashicorp/aws\"]",
      "instances": [
        {
          "index_key": 0,
          "schema_version": 1,
          "attributes": {
            "address": "rds-database.c61qszlzuevn.sa-east-1.rds.amazonaws.com",
            "allocated_storage": 20,
            "allow_major_version_upgrade": false,
            "apply_immediately": false,
            "arn": "arn:aws:rds:sa-east-1:793939823874:db:rds-database",
            "auto_minor_version_upgrade": true,
            "availability_zone": "sa-east-1b",
            "backup_retention_period": 0,
            "backup_window": "04:45-05:15",
            "ca_cert_identifier": "rds-ca-2019",
            "character_set_name": "",
            "copy_tags_to_snapshot": false,
            "custom_iam_instance_profile": "",
            "customer_owned_ip_enabled": false,
            "db_name": "wordpress",
            "db_subnet_group_name": "rds-database-20220920191331540400000003",
            "delete_automated_backups": true,
            "deletion_protection": false,
            "domain": "",
            "domain_iam_role_name": "",
            "enabled_cloudwatch_logs_exports": [],
            "endpoint": "rds-database.c61qszlzuevn.sa-east-1.rds.amazonaws.com:3306",
            "engine": "mysql",
            "engine_version": "5.7.38",
            "engine_version_actual": "5.7.38",
            "final_snapshot_identifier": null,
            "hosted_zone_id": "ZLRUIUX7Z3ZF7",
            "iam_database_authentication_enabled": false,
            "id": "rds-database",
            "identifier": "rds-database",
            "identifier_prefix": "",
            "instance_class": "db.t2.micro",
            "iops": 0,
            "kms_key_id": "",
            "latest_restorable_time": "",
            "license_model": "general-public-license",
            "maintenance_window": "mon:03:02-mon:03:32",
            "max_allocated_storage": 0,
            "monitoring_interval": 0,
            "monitoring_role_arn": "",
            "multi_az": true,
            "name": "wordpress",
            "nchar_character_set_name": "",
            "network_type": "IPV4",
            "option_group_name": "rds-database-20220920191328942100000001",
            "parameter_group_name": "rds-database-20220920191328943100000002",
            "password": "wEUdAen4wIKckJVE",
            "performance_insights_enabled": false,
            "performance_insights_kms_key_id": "",
            "performance_insights_retention_period": 0,
            "port": 3306,
            "publicly_accessible": false,
            "replica_mode": "",
            "replicas": [],
            "replicate_source_db": "",
            "resource_id": "db-T655FSXJOJ46P5PPKSZSH53VDQ",
            "restore_to_point_in_time": [],
            "s3_import": [],
            "security_group_names": [],
            "skip_final_snapshot": true,
            "snapshot_identifier": null,
            "status": "available",
            "storage_encrypted": false,
            "storage_type": "gp2",
            "tags": {},
            "tags_all": {},
            "timeouts": {
              "create": null,
              "delete": null,
              "update": null
            },
            "timezone": "",
            "username": "bruno",
            "vpc_security_group_ids": [
              "sg-0810ff31a292ec28b"
            ]
          },
          "sensitive_attributes": [
            [
              {
                "type": "get_attr",
                "value": "password"
              }
            ]
          ],
          "private": "eyJlMmJmYjczMC1lY2FhLTExZTYtOGY4OC0zNDM2M2JjN2M0YzAiOnsiY3JlYXRlIjoyNDAwMDAwMDAwMDAwLCJkZWxldGUiOjM2MDAwMDAwMDAwMDAsInVwZGF0ZSI6NDgwMDAwMDAwMDAwMH0sInNjaGVtYV92ZXJzaW9uIjoiMSJ9",
          "dependencies": [
            "aws_security_group.database",
            "aws_security_group.web_server",
            "aws_subnet.db_az_a",
            "aws_subnet.db_az_b",
            "module.bruno_campos_vpc.aws_vpc.this",
            "module.rds_database.module.db_instance.aws_cloudwatch_log_group.this",
            "module.rds_database.module.db_instance.aws_iam_role.enhanced_monitoring",
            "module.rds_database.module.db_instance.data.aws_iam_policy_document.enhanced_monitoring",
            "module.rds_database.module.db_instance.random_id.snapshot_identifier",
            "module.rds_database.module.db_option_group.aws_db_option_group.this",
            "module.rds_database.module.db_parameter_group.aws_db_parameter_group.this",
            "module.rds_database.module.db_subnet_group.aws_db_subnet_group.this",
            "module.rds_database.random_password.master_password"
          ]
        }
      ]
    },
    {
      "module": "module.rds_database.module.db_option_group",
      "mode": "managed",
      "type": "aws_db_option_group",
      "name": "this",
      "provider": "provider[\"registry.terraform.io/hashicorp/aws\"]",
      "instances": [
        {
          "index_key": 0,
          "schema_version": 0,
          "attributes": {
            "arn": "arn:aws:rds:sa-east-1:793939823874:og:rds-database-20220920191328942100000001",
            "engine_name": "mysql",
            "id": "rds-database-20220920191328942100000001",
            "major_engine_version": "5.7",
            "name": "rds-database-20220920191328942100000001",
            "name_prefix": "rds-database-",
            "option": [],
            "option_group_description": "rds-database option group",
            "tags": {
              "Name": "rds-database"
            },
            "tags_all": {
              "Name": "rds-database"
            },
            "timeouts": {
              "delete": null
            }
          },
          "sensitive_attributes": [],
          "private": "eyJlMmJmYjczMC1lY2FhLTExZTYtOGY4OC0zNDM2M2JjN2M0YzAiOnsiZGVsZXRlIjo5MDAwMDAwMDAwMDB9fQ==",
          "create_before_destroy": true
        }
      ]
    },
    {
      "module": "module.rds_database.module.db_parameter_group",
      "mode": "managed",
      "type": "aws_db_parameter_group",
      "name": "this",
      "provider": "provider[\"registry.terraform.io/hashicorp/aws\"]",
      "instances": [
        {
          "index_key": 0,
          "schema_version": 0,
          "attributes": {
            "arn": "arn:aws:rds:sa-east-1:793939823874:pg:rds-database-20220920191328943100000002",
            "description": "rds-database parameter group",
            "family": "mysql5.7",
            "id": "rds-database-20220920191328943100000002",
            "name": "rds-database-20220920191328943100000002",
            "name_prefix": "rds-database-",
            "parameter": [
              {
                "apply_method": "immediate",
                "name": "character_set_client",
                "value": "utf8mb4"
              },
              {
                "apply_method": "immediate",
                "name": "character_set_server",
                "value": "utf8mb4"
              }
            ],
            "tags": {
              "Name": "rds-database"
            },
            "tags_all": {
              "Name": "rds-database"
            }
          },
          "sensitive_attributes": [],
          "private": "bnVsbA==",
          "create_before_destroy": true
        }
      ]
    },
    {
      "module": "module.rds_database.module.db_subnet_group",
      "mode": "managed",
      "type": "aws_db_subnet_group",
      "name": "this",
      "provider": "provider[\"registry.terraform.io/hashicorp/aws\"]",
      "instances": [
        {
          "index_key": 0,
          "schema_version": 0,
          "attributes": {
            "arn": "arn:aws:rds:sa-east-1:793939823874:subgrp:rds-database-20220920191331540400000003",
            "description": "rds-database subnet group",
            "id": "rds-database-20220920191331540400000003",
            "name": "rds-database-20220920191331540400000003",
            "name_prefix": "rds-database-",
            "subnet_ids": [
              "subnet-0a6b925c8340552d5",
              "subnet-0ff5cc3f4eec7e690"
            ],
            "supported_network_types": [
              "IPV4"
            ],
            "tags": {
              "Name": "rds-database"
            },
            "tags_all": {
              "Name": "rds-database"
            }
          },
          "sensitive_attributes": [],
          "private": "bnVsbA==",
          "dependencies": [
            "aws_subnet.db_az_a",
            "aws_subnet.db_az_b",
            "module.bruno_campos_vpc.aws_vpc.this"
          ]
        }
      ]
    }
  ]
}
